
Microsoft Visual Studio Solution File, Format Version 12.00
# Visual Studio Version 16
VisualStudioVersion = 25.0.1705.3
MinimumVisualStudioVersion = 10.0.40219.1
Project("{FAE04EC0-301F-11D3-BF4B-00C04F79EFBC}") = "Easy.API", "Easy.API\Easy.API.csproj", "{3158889C-227B-4639-BF96-A651D48AA1D7}"
EndProject
Global
	GlobalSection(SolutionConfigurationPlatforms) = preSolution
		Debug|Any CPU = Debug|Any CPU
		Release|Any CPU = Release|Any CPU
	EndGlobalSection
	GlobalSection(ProjectConfigurationPlatforms) = postSolution
		{3158889C-227B-4639-BF96-A651D48AA1D7}.Debug|Any CPU.ActiveCfg = Debug|Any CPU
		{3158889C-227B-4639-BF96-A651D48AA1D7}.Debug|Any CPU.Build.0 = Debug|Any CPU
		{3158889C-227B-4639-BF96-A651D48AA1D7}.Release|Any CPU.ActiveCfg = Release|Any CPU
		{3158889C-227B-4639-BF96-A651D48AA1D7}.Release|Any CPU.Build.0 = Release|Any CPU
	EndGlobalSection
	GlobalSection(SolutionProperties) = preSolution
		HideSolutionNode = FALSE
	EndGlobalSection
	GlobalSection(ExtensibilityGlobals) = postSolution
		SolutionGuid = {D2C32B0D-A7C7-4429-BCC8-51456BE2AF56}
	EndGlobalSection
EndGlobal
